
Microsoft Visual Studio Solution File, Format Version 12.00
# Visual Studio 15
VisualStudioVersion = 15.0.28307.489
MinimumVisualStudioVersion = 10.0.40219.1
Project("{FAE04EC0-301F-11D3-BF4B-00C04F79EFBC}") = "BuisnessTier", "BuisnessTier\BuisnessTier.csproj", "{F77B4D4F-650F-4EEE-84B9-E9CAC59460BD}"
EndProject
Project("{FAE04EC0-301F-11D3-BF4B-00C04F79EFBC}") = "DataAccessTier", "DataAccessTier\DataAccessTier.csproj", "{52D0959E-619C-4D5A-8797-87BF2257875C}"
EndProject
Project("{FAE04EC0-301F-11D3-BF4B-00C04F79EFBC}") = "PresentationTier", "PresentationTier\PresentationTier.csproj", "{F1340C82-0BAD-4D37-B314-DA7C7220F280}"
EndProject
Global
	GlobalSection(SolutionConfigurationPlatforms) = preSolution
		Debug|Any CPU = Debug|Any CPU
		Release|Any CPU = Release|Any CPU
	EndGlobalSection
	GlobalSection(ProjectConfigurationPlatforms) = postSolution
		{F77B4D4F-650F-4EEE-84B9-E9CAC59460BD}.Debug|Any CPU.ActiveCfg = Debug|Any CPU
		{F77B4D4F-650F-4EEE-84B9-E9CAC59460BD}.Debug|Any CPU.Build.0 = Debug|Any CPU
		{F77B4D4F-650F-4EEE-84B9-E9CAC59460BD}.Release|Any CPU.ActiveCfg = Release|Any CPU
		{F77B4D4F-650F-4EEE-84B9-E9CAC59460BD}.Release|Any CPU.Build.0 = Release|Any CPU
		{52D0959E-619C-4D5A-8797-87BF2257875C}.Debug|Any CPU.ActiveCfg = Debug|Any CPU
		{52D0959E-619C-4D5A-8797-87BF2257875C}.Debug|Any CPU.Build.0 = Debug|Any CPU
		{52D0959E-619C-4D5A-8797-87BF2257875C}.Release|Any CPU.ActiveCfg = Release|Any CPU
		{52D0959E-619C-4D5A-8797-87BF2257875C}.Release|Any CPU.Build.0 = Release|Any CPU
		{F1340C82-0BAD-4D37-B314-DA7C7220F280}.Debug|Any CPU.ActiveCfg = Debug|Any CPU
		{F1340C82-0BAD-4D37-B314-DA7C7220F280}.Debug|Any CPU.Build.0 = Debug|Any CPU
		{F1340C82-0BAD-4D37-B314-DA7C7220F280}.Release|Any CPU.ActiveCfg = Release|Any CPU
		{F1340C82-0BAD-4D37-B314-DA7C7220F280}.Release|Any CPU.Build.0 = Release|Any CPU
	EndGlobalSection
	GlobalSection(SolutionProperties) = preSolution
		HideSolutionNode = FALSE
	EndGlobalSection
	GlobalSection(ExtensibilityGlobals) = postSolution
		SolutionGuid = {7DE4AFA8-6B5F-4BCF-BC67-1A76EA468014}
	EndGlobalSection
EndGlobal
